// !$*UTF8*$!
{
	archiveVersion = 1;
	classes = {
	};
	objectVersion = 50;
	objects = {

/* Begin PBXBuildFile section */
		A07C0033242798B000EDAA4F /* AppDelegate.swift in Sources */ = {isa = PBXBuildFile; fileRef = A07C0032242798B000EDAA4F /* AppDelegate.swift */; };
		A07C0035242798B000EDAA4F /* SceneDelegate.swift in Sources */ = {isa = PBXBuildFile; fileRef = A07C0034242798B000EDAA4F /* SceneDelegate.swift */; };
		A07C0037242798B000EDAA4F /* ContentView.swift in Sources */ = {isa = PBXBuildFile; fileRef = A07C0036242798B000EDAA4F /* ContentView.swift */; };
		A07C0039242798B200EDAA4F /* Assets.xcassets in Resources */ = {isa = PBXBuildFile; fileRef = A07C0038242798B200EDAA4F /* Assets.xcassets */; };
		A07C003C242798B200EDAA4F /* Preview Assets.xcassets in Resources */ = {isa = PBXBuildFile; fileRef = A07C003B242798B200EDAA4F /* Preview Assets.xcassets */; };
		A07C003F242798B200EDAA4F /* LaunchScreen.storyboard in Resources */ = {isa = PBXBuildFile; fileRef = A07C003D242798B200EDAA4F /* LaunchScreen.storyboard */; };
		A07C004A242798B200EDAA4F /* tutorial4_swiftuiTests.swift in Sources */ = {isa = PBXBuildFile; fileRef = A07C0049242798B200EDAA4F /* tutorial4_swiftuiTests.swift */; };
		A07C0055242798B200EDAA4F /* tutorial4_swiftuiUITests.swift in Sources */ = {isa = PBXBuildFile; fileRef = A07C0054242798B200EDAA4F /* tutorial4_swiftuiUITests.swift */; };
/* End PBXBuildFile section */

/* Begin PBXContainerItemProxy section */
		A07C0046242798B200EDAA4F /* PBXContainerItemProxy */ = {
			isa = PBXContainerItemProxy;
			containerPortal = A07C0027242798B000EDAA4F /* Project object */;
			proxyType = 1;
			remoteGlobalIDString = A07C002E242798B000EDAA4F;
			remoteInfo = tutorial4_swiftui;
		};
		A07C0051242798B200EDAA4F /* PBXContainerItemProxy */ = {
			isa = PBXContainerItemProxy;
			containerPortal = A07C0027242798B000EDAA4F /* Project object */;
			proxyType = 1;
			remoteGlobalIDString = A07C002E242798B000EDAA4F;
			remoteInfo = tutorial4_swiftui;
		};
/* End PBXContainerItemProxy section */

/* Begin PBXFileReference section */
		A07C002F242798B000EDAA4F /* tutorial4_swiftui.app */ = {isa = PBXFileReference; explicitFileType = wrapper.application; includeInIndex = 0; path = tutorial4_swiftui.app; sourceTree = BUILT_PRODUCTS_DIR; };
		A07C0032242798B000EDAA4F /* AppDelegate.swift */ = {isa = PBXFileReference; lastKnownFileType = sourcecode.swift; path = AppDelegate.swift; sourceTree = "<group>"; };
		A07C0034242798B000EDAA4F /* SceneDelegate.swift */ = {isa = PBXFileReference; lastKnownFileType = sourcecode.swift; path = SceneDelegate.swift; sourceTree = "<group>"; };
		A07C0036242798B000EDAA4F /* ContentView.swift */ = {isa = PBXFileReference; lastKnownFileType = sourcecode.swift; path = ContentView.swift; sourceTree = "<group>"; };
		A07C0038242798B200EDAA4F /* Assets.xcassets */ = {isa = PBXFileReference; lastKnownFileType = folder.assetcatalog; path = Assets.xcassets; sourceTree = "<group>"; };
		A07C003B242798B200EDAA4F /* Preview Assets.xcassets */ = {isa = PBXFileReference; lastKnownFileType = folder.assetcatalog; path = "Preview Assets.xcassets"; sourceTree = "<group>"; };
		A07C003E242798B200EDAA4F /* Base */ = {isa = PBXFileReference; lastKnownFileType = file.storyboard; name = Base; path = Base.lproj/LaunchScreen.storyboard; sourceTree = "<group>"; };
		A07C0040242798B200EDAA4F /* Info.plist */ = {isa = PBXFileReference; lastKnownFileType = text.plist.xml; path = Info.plist; sourceTree = "<group>"; };
		A07C0045242798B200EDAA4F /* tutorial4_swiftuiTests.xctest */ = {isa = PBXFileReference; explicitFileType = wrapper.cfbundle; includeInIndex = 0; path = tutorial4_swiftuiTests.xctest; sourceTree = BUILT_PRODUCTS_DIR; };
		A07C0049242798B200EDAA4F /* tutorial4_swiftuiTests.swift */ = {isa = PBXFileReference; lastKnownFileType = sourcecode.swift; path = tutorial4_swiftuiTests.swift; sourceTree = "<group>"; };
		A07C004B242798B200EDAA4F /* Info.plist */ = {isa = PBXFileReference; lastKnownFileType = text.plist.xml; path = Info.plist; sourceTree = "<group>"; };
		A07C0050242798B200EDAA4F /* tutorial4_swiftuiUITests.xctest */ = {isa = PBXFileReference; explicitFileType = wrapper.cfbundle; includeInIndex = 0; path = tutorial4_swiftuiUITests.xctest; sourceTree = BUILT_PRODUCTS_DIR; };
		A07C0054242798B200EDAA4F /* tutorial4_swiftuiUITests.swift */ = {isa = PBXFileReference; lastKnownFileType = sourcecode.swift; path = tutorial4_swiftuiUITests.swift; sourceTree = "<group>"; };
		A07C0056242798B200EDAA4F /* Info.plist */ = {isa = PBXFileReference; lastKnownFileType = text.plist.xml; path = Info.plist; sourceTree = "<group>"; };
/* End PBXFileReference section */

/* Begin PBXFrameworksBuildPhase section */
		A07C002C242798B000EDAA4F /* Frameworks */ = {
			isa = PBXFrameworksBuildPhase;
			buildActionMask = 2147483647;
			files = (
			);
			runOnlyForDeploymentPostprocessing = 0;
		};
		A07C0042242798B200EDAA4F /* Frameworks */ = {
			isa = PBXFrameworksBuildPhase;
			buildActionMask = 2147483647;
			files = (
			);
			runOnlyForDeploymentPostprocessing = 0;
		};
		A07C004D242798B200EDAA4F /* Frameworks */ = {
			isa = PBXFrameworksBuildPhase;
			buildActionMask = 2147483647;
			files = (
			);
			runOnlyForDeploymentPostprocessing = 0;
		};
/* End PBXFrameworksBuildPhase section */

/* Begin PBXGroup section */
		A07C0026242798B000EDAA4F = {
			isa = PBXGroup;
			children = (
				A07C0031242798B000EDAA4F /* tutorial4_swiftui */,
				A07C0048242798B200EDAA4F /* tutorial4_swiftuiTests */,
				A07C0053242798B200EDAA4F /* tutorial4_swiftuiUITests */,
				A07C0030242798B000EDAA4F /* Products */,
			);
			sourceTree = "<group>";
		};
		A07C0030242798B000EDAA4F /* Products */ = {
			isa = PBXGroup;
			children = (
				A07C002F242798B000EDAA4F /* tutorial4_swiftui.app */,
				A07C0045242798B200EDAA4F /* tutorial4_swiftuiTests.xctest */,
				A07C0050242798B200EDAA4F /* tutorial4_swiftuiUITests.xctest */,
			);
			name = Products;
			sourceTree = "<group>";
		};
		A07C0031242798B000EDAA4F /* tutorial4_swiftui */ = {
			isa = PBXGroup;
			children = (
				A07C0032242798B000EDAA4F /* AppDelegate.swift */,
				A07C0034242798B000EDAA4F /* SceneDelegate.swift */,
				A07C0036242798B000EDAA4F /* ContentView.swift */,
				A07C0038242798B200EDAA4F /* Assets.xcassets */,
				A07C003D242798B200EDAA4F /* LaunchScreen.storyboard */,
				A07C0040242798B200EDAA4F /* Info.plist */,
				A07C003A242798B200EDAA4F /* Preview Content */,
			);
			path = tutorial4_swiftui;
			sourceTree = "<group>";
		};
		A07C003A242798B200EDAA4F /* Preview Content */ = {
			isa = PBXGroup;
			children = (
				A07C003B242798B200EDAA4F /* Preview Assets.xcassets */,
			);
			path = "Preview Content";
			sourceTree = "<group>";
		};
		A07C0048242798B200EDAA4F /* tutorial4_swiftuiTests */ = {
			isa = PBXGroup;
			children = (
				A07C0049242798B200EDAA4F /* tutorial4_swiftuiTests.swift */,
				A07C004B242798B200EDAA4F /* Info.plist */,
			);
			path = tutorial4_swiftuiTests;
			sourceTree = "<group>";
		};
		A07C0053242798B200EDAA4F /* tutorial4_swiftuiUITests */ = {
			isa = PBXGroup;
			children = (
				A07C0054242798B200EDAA4F /* tutorial4_swiftuiUITests.swift */,
				A07C0056242798B200EDAA4F /* Info.plist */,
			);
			path = tutorial4_swiftuiUITests;
			sourceTree = "<group>";
		};
/* End PBXGroup section */

/* Begin PBXNativeTarget section */
		A07C002E242798B000EDAA4F /* tutorial4_swiftui */ = {
			isa = PBXNativeTarget;
			buildConfigurationList = A07C0059242798B200EDAA4F /* Build configuration list for PBXNativeTarget "tutorial4_swiftui" */;
			buildPhases = (
				A07C002B242798B000EDAA4F /* Sources */,
				A07C002C242798B000EDAA4F /* Frameworks */,
				A07C002D242798B000EDAA4F /* Resources */,
			);
			buildRules = (
			);
			dependencies = (
			);
			name = tutorial4_swiftui;
			productName = tutorial4_swiftui;
			productReference = A07C002F242798B000EDAA4F /* tutorial4_swiftui.app */;
			productType = "com.apple.product-type.application";
		};
		A07C0044242798B200EDAA4F /* tutorial4_swiftuiTests */ = {
			isa = PBXNativeTarget;
			buildConfigurationList = A07C005C242798B200EDAA4F /* Build configuration list for PBXNativeTarget "tutorial4_swiftuiTests" */;
			buildPhases = (
				A07C0041242798B200EDAA4F /* Sources */,
				A07C0042242798B200EDAA4F /* Frameworks */,
				A07C0043242798B200EDAA4F /* Resources */,
			);
			buildRules = (
			);
			dependencies = (
				A07C0047242798B200EDAA4F /* PBXTargetDependency */,
			);
			name = tutorial4_swiftuiTests;
			productName = tutorial4_swiftuiTests;
			productReference = A07C0045242798B200EDAA4F /* tutorial4_swiftuiTests.xctest */;
			productType = "com.apple.product-type.bundle.unit-test";
		};
		A07C004F242798B200EDAA4F /* tutorial4_swiftuiUITests */ = {
			isa = PBXNativeTarget;
			buildConfigurationList = A07C005F242798B200EDAA4F /* Build configuration list for PBXNativeTarget "tutorial4_swiftuiUITests" */;
			buildPhases = (
				A07C004C242798B200EDAA4F /* Sources */,
				A07C004D242798B200EDAA4F /* Frameworks */,
				A07C004E242798B200EDAA4F /* Resources */,
			);
			buildRules = (
			);
			dependencies = (
				A07C0052242798B200EDAA4F /* PBXTargetDependency */,
			);
			name = tutorial4_swiftuiUITests;
			productName = tutorial4_swiftuiUITests;
			productReference = A07C0050242798B200EDAA4F /* tutorial4_swiftuiUITests.xctest */;
			productType = "com.apple.product-type.bundle.ui-testing";
		};
/* End PBXNativeTarget section */

/* Begin PBXProject section */
		A07C0027242798B000EDAA4F /* Project object */ = {
			isa = PBXProject;
			attributes = {
				LastSwiftUpdateCheck = 1130;
				LastUpgradeCheck = 1130;
				ORGANIZATIONNAME = "lucas lee";
				TargetAttributes = {
					A07C002E242798B000EDAA4F = {
						CreatedOnToolsVersion = 11.3.1;
					};
					A07C0044242798B200EDAA4F = {
						CreatedOnToolsVersion = 11.3.1;
						TestTargetID = A07C002E242798B000EDAA4F;
					};
					A07C004F242798B200EDAA4F = {
						CreatedOnToolsVersion = 11.3.1;
						TestTargetID = A07C002E242798B000EDAA4F;
					};
				};
			};
			buildConfigurationList = A07C002A242798B000EDAA4F /* Build configuration list for PBXProject "tutorial4_swiftui" */;
			compatibilityVersion = "Xcode 9.3";
			developmentRegion = en;
			hasScannedForEncodings = 0;
			knownRegions = (
				en,
				Base,
			);
			mainGroup = A07C0026242798B000EDAA4F;
			productRefGroup = A07C0030242798B000EDAA4F /* Products */;
			projectDirPath = "";
			projectRoot = "";
			targets = (
				A07C002E242798B000EDAA4F /* tutorial4_swiftui */,
				A07C0044242798B200EDAA4F /* tutorial4_swiftuiTests */,
				A07C004F242798B200EDAA4F /* tutorial4_swiftuiUITests */,
			);
		};
/* End PBXProject section */

/* Begin PBXResourcesBuildPhase section */
		A07C002D242798B000EDAA4F /* Resources */ = {
			isa = PBXResourcesBuildPhase;
			buildActionMask = 2147483647;
			files = (
				A07C003F242798B200EDAA4F /* LaunchScreen.storyboard in Resources */,
				A07C003C242798B200EDAA4F /* Preview Assets.xcassets in Resources */,
				A07C0039242798B200EDAA4F /* Assets.xcassets in Resources */,
			);
			runOnlyForDeploymentPostprocessing = 0;
		};
		A07C0043242798B200EDAA4F /* Resources */ = {
			isa = PBXResourcesBuildPhase;
			buildActionMask = 2147483647;
			files = (
			);
			runOnlyForDeploymentPostprocessing = 0;
		};
		A07C004E242798B200EDAA4F /* Resources */ = {
			isa = PBXResourcesBuildPhase;
			buildActionMask = 2147483647;
			files = (
			);
			runOnlyForDeploymentPostprocessing = 0;
		};
/* End PBXResourcesBuildPhase section */

/* Begin PBXSourcesBuildPhase section */
		A07C002B242798B000EDAA4F /* Sources */ = {
			isa = PBXSourcesBuildPhase;
			buildActionMask = 2147483647;
			files = (
				A07C0033242798B000EDAA4F /* AppDelegate.swift in Sources */,
				A07C0035242798B000EDAA4F /* SceneDelegate.swift in Sources */,
				A07C0037242798B000EDAA4F /* ContentView.swift in Sources */,
			);
			runOnlyForDeploymentPostprocessing = 0;
		};
		A07C0041242798B200EDAA4F /* Sources */ = {
			isa = PBXSourcesBuildPhase;
			buildActionMask = 2147483647;
			files = (
				A07C004A242798B200EDAA4F /* tutorial4_swiftuiTests.swift in Sources */,
			);
			runOnlyForDeploymentPostprocessing = 0;
		};
		A07C004C242798B200EDAA4F /* Sources */ = {
			isa = PBXSourcesBuildPhase;
			buildActionMask = 2147483647;
			files = (
				A07C0055242798B200EDAA4F /* tutorial4_swiftuiUITests.swift in Sources */,
			);
			runOnlyForDeploymentPostprocessing = 0;
		};
/* End PBXSourcesBuildPhase section */

/* Begin PBXTargetDependency section */
		A07C0047242798B200EDAA4F /* PBXTargetDependency */ = {
			isa = PBXTargetDependency;
			target = A07C002E242798B000EDAA4F /* tutorial4_swiftui */;
			targetProxy = A07C0046242798B200EDAA4F /* PBXContainerItemProxy */;
		};
		A07C0052242798B200EDAA4F /* PBXTargetDependency */ = {
			isa = PBXTargetDependency;
			target = A07C002E242798B000EDAA4F /* tutorial4_swiftui */;
			targetProxy = A07C0051242798B200EDAA4F /* PBXContainerItemProxy */;
		};
/* End PBXTargetDependency section */

/* Begin PBXVariantGroup section */
		A07C003D242798B200EDAA4F /* LaunchScreen.storyboard */ = {
			isa = PBXVariantGroup;
			children = (
				A07C003E242798B200EDAA4F /* Base */,
			);
			name = LaunchScreen.storyboard;
			sourceTree = "<group>";
		};
/* End PBXVariantGroup section */

/* Begin XCBuildConfiguration section */
		A07C0057242798B200EDAA4F /* Debug */ = {
			isa = XCBuildConfiguration;
			buildSettings = {
				ALWAYS_SEARCH_USER_PATHS = NO;
				CLANG_ANALYZER_NONNULL = YES;
				CLANG_ANALYZER_NUMBER_OBJECT_CONVERSION = YES_AGGRESSIVE;
				CLANG_CXX_LANGUAGE_STANDARD = "gnu++14";
				CLANG_CXX_LIBRARY = "libc++";
				CLANG_ENABLE_MODULES = YES;
				CLANG_ENABLE_OBJC_ARC = YES;
				CLANG_ENABLE_OBJC_WEAK = YES;
				CLANG_WARN_BLOCK_CAPTURE_AUTORELEASING = YES;
				CLANG_WARN_BOOL_CONVERSION = YES;
				CLANG_WARN_COMMA = YES;
				CLANG_WARN_CONSTANT_CONVERSION = YES;
				CLANG_WARN_DEPRECATED_OBJC_IMPLEMENTATIONS = YES;
				CLANG_WARN_DIRECT_OBJC_ISA_USAGE = YES_ERROR;
				CLANG_WARN_DOCUMENTATION_COMMENTS = YES;
				CLANG_WARN_EMPTY_BODY = YES;
				CLANG_WARN_ENUM_CONVERSION = YES;
				CLANG_WARN_INFINITE_RECURSION = YES;
				CLANG_WARN_INT_CONVERSION = YES;
				CLANG_WARN_NON_LITERAL_NULL_CONVERSION = YES;
				CLANG_WARN_OBJC_IMPLICIT_RETAIN_SELF = YES;
				CLANG_WARN_OBJC_LITERAL_CONVERSION = YES;
				CLANG_WARN_OBJC_ROOT_CLASS = YES_ERROR;
				CLANG_WARN_RANGE_LOOP_ANALYSIS = YES;
				CLANG_WARN_STRICT_PROTOTYPES = YES;
				CLANG_WARN_SUSPICIOUS_MOVE = YES;
				CLANG_WARN_UNGUARDED_AVAILABILITY = YES_AGGRESSIVE;
				CLANG_WARN_UNREACHABLE_CODE = YES;
				CLANG_WARN__DUPLICATE_METHOD_MATCH = YES;
				COPY_PHASE_STRIP = NO;
				DEBUG_INFORMATION_FORMAT = dwarf;
				ENABLE_STRICT_OBJC_MSGSEND = YES;
				ENABLE_TESTABILITY = YES;
				GCC_C_LANGUAGE_STANDARD = gnu11;
				GCC_DYNAMIC_NO_PIC = NO;
				GCC_NO_COMMON_BLOCKS = YES;
				GCC_OPTIMIZATION_LEVEL = 0;
				GCC_PREPROCESSOR_DEFINITIONS = (
					"DEBUG=1",
					"$(inherited)",
				);
				GCC_WARN_64_TO_32_BIT_CONVERSION = YES;
				GCC_WARN_ABOUT_RETURN_TYPE = YES_ERROR;
				GCC_WARN_UNDECLARED_SELECTOR = YES;
				GCC_WARN_UNINITIALIZED_AUTOS = YES_AGGRESSIVE;
				GCC_WARN_UNUSED_FUNCTION = YES;
				GCC_WARN_UNUSED_VARIABLE = YES;
				IPHONEOS_DEPLOYMENT_TARGET = 13.2;
				MTL_ENABLE_DEBUG_INFO = INCLUDE_SOURCE;
				MTL_FAST_MATH = YES;
				ONLY_ACTIVE_ARCH = YES;
				SDKROOT = iphoneos;
				SWIFT_ACTIVE_COMPILATION_CONDITIONS = DEBUG;
				SWIFT_OPTIMIZATION_LEVEL = "-Onone";
			};
			name = Debug;
		};
		A07C0058242798B200EDAA4F /* Release */ = {
			isa = XCBuildConfiguration;
			buildSettings = {
				ALWAYS_SEARCH_USER_PATHS = NO;
				CLANG_ANALYZER_NONNULL = YES;
				CLANG_ANALYZER_NUMBER_OBJECT_CONVERSION = YES_AGGRESSIVE;
				CLANG_CXX_LANGUAGE_STANDARD = "gnu++14";
				CLANG_CXX_LIBRARY = "libc++";
				CLANG_ENABLE_MODULES = YES;
				CLANG_ENABLE_OBJC_ARC = YES;
				CLANG_ENABLE_OBJC_WEAK = YES;
				CLANG_WARN_BLOCK_CAPTURE_AUTORELEASING = YES;
				CLANG_WARN_BOOL_CONVERSION = YES;
				CLANG_WARN_COMMA = YES;
				CLANG_WARN_CONSTANT_CONVERSION = YES;
				CLANG_WARN_DEPRECATED_OBJC_IMPLEMENTATIONS = YES;
				CLANG_WARN_DIRECT_OBJC_ISA_USAGE = YES_ERROR;
				CLANG_WARN_DOCUMENTATION_COMMENTS = YES;
				CLANG_WARN_EMPTY_BODY = YES;
				CLANG_WARN_ENUM_CONVERSION = YES;
				CLANG_WARN_INFINITE_RECURSION = YES;
				CLANG_WARN_INT_CONVERSION = YES;
				CLANG_WARN_NON_LITERAL_NULL_CONVERSION = YES;
				CLANG_WARN_OBJC_IMPLICIT_RETAIN_SELF = YES;
				CLANG_WARN_OBJC_LITERAL_CONVERSION = YES;
				CLANG_WARN_OBJC_ROOT_CLASS = YES_ERROR;
				CLANG_WARN_RANGE_LOOP_ANALYSIS = YES;
				CLANG_WARN_STRICT_PROTOTYPES = YES;
				CLANG_WARN_SUSPICIOUS_MOVE = YES;
				CLANG_WARN_UNGUARDED_AVAILABILITY = YES_AGGRESSIVE;
				CLANG_WARN_UNREACHABLE_CODE = YES;
				CLANG_WARN__DUPLICATE_METHOD_MATCH = YES;
				COPY_PHASE_STRIP = NO;
				DEBUG_INFORMATION_FORMAT = "dwarf-with-dsym";
				ENABLE_NS_ASSERTIONS = NO;
				ENABLE_STRICT_OBJC_MSGSEND = YES;
				GCC_C_LANGUAGE_STANDARD = gnu11;
				GCC_NO_COMMON_BLOCKS = YES;
				GCC_WARN_64_TO_32_BIT_CONVERSION = YES;
				GCC_WARN_ABOUT_RETURN_TYPE = YES_ERROR;
				GCC_WARN_UNDECLARED_SELECTOR = YES;
				GCC_WARN_UNINITIALIZED_AUTOS = YES_AGGRESSIVE;
				GCC_WARN_UNUSED_FUNCTION = YES;
				GCC_WARN_UNUSED_VARIABLE = YES;
				IPHONEOS_DEPLOYMENT_TARGET = 13.2;
				MTL_ENABLE_DEBUG_INFO = NO;
				MTL_FAST_MATH = YES;
				SDKROOT = iphoneos;
				SWIFT_COMPILATION_MODE = wholemodule;
				SWIFT_OPTIMIZATION_LEVEL = "-O";
				VALIDATE_PRODUCT = YES;
			};
			name = Release;
		};
		A07C005A242798B200EDAA4F /* Debug */ = {
			isa = XCBuildConfiguration;
			buildSettings = {
				ASSETCATALOG_COMPILER_APPICON_NAME = AppIcon;
				CODE_SIGN_STYLE = Automatic;
				DEVELOPMENT_ASSET_PATHS = "\"tutorial4_swiftui/Preview Content\"";
				ENABLE_PREVIEWS = YES;
				INFOPLIST_FILE = tutorial4_swiftui/Info.plist;
				LD_RUNPATH_SEARCH_PATHS = (
					"$(inherited)",
					"@executable_path/Frameworks",
				);
				PRODUCT_BUNDLE_IDENTIFIER = "s.tutorial4-swiftui";
				PRODUCT_NAME = "$(TARGET_NAME)";
				SWIFT_VERSION = 5.0;
				TARGETED_DEVICE_FAMILY = "1,2";
			};
			name = Debug;
		};
		A07C005B242798B200EDAA4F /* Release */ = {
			isa = XCBuildConfiguration;
			buildSettings = {
				ASSETCATALOG_COMPILER_APPICON_NAME = AppIcon;
				CODE_SIGN_STYLE = Automatic;
				DEVELOPMENT_ASSET_PATHS = "\"tutorial4_swiftui/Preview Content\"";
				ENABLE_PREVIEWS = YES;
				INFOPLIST_FILE = tutorial4_swiftui/Info.plist;
				LD_RUNPATH_SEARCH_PATHS = (
					"$(inherited)",
					"@executable_path/Frameworks",
				);
				PRODUCT_BUNDLE_IDENTIFIER = "s.tutorial4-swiftui";
				PRODUCT_NAME = "$(TARGET_NAME)";
				SWIFT_VERSION = 5.0;
				TARGETED_DEVICE_FAMILY = "1,2";
			};
			name = Release;
		};
		A07C005D242798B200EDAA4F /* Debug */ = {
			isa = XCBuildConfiguration;
			buildSettings = {
				ALWAYS_EMBED_SWIFT_STANDARD_LIBRARIES = YES;
				BUNDLE_LOADER = "$(TEST_HOST)";
				CODE_SIGN_STYLE = Automatic;
				INFOPLIST_FILE = tutorial4_swiftuiTests/Info.plist;
				IPHONEOS_DEPLOYMENT_TARGET = 13.2;
				LD_RUNPATH_SEARCH_PATHS = (
					"$(inherited)",
					"@executable_path/Frameworks",
					"@loader_path/Frameworks",
				);
				PRODUCT_BUNDLE_IDENTIFIER = "s.tutorial4-swiftuiTests";
				PRODUCT_NAME = "$(TARGET_NAME)";
				SWIFT_VERSION = 5.0;
				TARGETED_DEVICE_FAMILY = "1,2";
				TEST_HOST = "$(BUILT_PRODUCTS_DIR)/tutorial4_swiftui.app/tutorial4_swiftui";
			};
			name = Debug;
		};
		A07C005E242798B200EDAA4F /* Release */ = {
			isa = XCBuildConfiguration;
			buildSettings = {
				ALWAYS_EMBED_SWIFT_STANDARD_LIBRARIES = YES;
				BUNDLE_LOADER = "$(TEST_HOST)";
				CODE_SIGN_STYLE = Automatic;
				INFOPLIST_FILE = tutorial4_swiftuiTests/Info.plist;
				IPHONEOS_DEPLOYMENT_TARGET = 13.2;
				LD_RUNPATH_SEARCH_PATHS = (
					"$(inherited)",
					"@executable_path/Frameworks",
					"@loader_path/Frameworks",
				);
				PRODUCT_BUNDLE_IDENTIFIER = "s.tutorial4-swiftuiTests";
				PRODUCT_NAME = "$(TARGET_NAME)";
				SWIFT_VERSION = 5.0;
				TARGETED_DEVICE_FAMILY = "1,2";
				TEST_HOST = "$(BUILT_PRODUCTS_DIR)/tutorial4_swiftui.app/tutorial4_swiftui";
			};
			name = Release;
		};
		A07C0060242798B200EDAA4F /* Debug */ = {
			isa = XCBuildConfiguration;
			buildSettings = {
				ALWAYS_EMBED_SWIFT_STANDARD_LIBRARIES = YES;
				CODE_SIGN_STYLE = Automatic;
				INFOPLIST_FILE = tutorial4_swiftuiUITests/Info.plist;
				LD_RUNPATH_SEARCH_PATHS = (
					"$(inherited)",
					"@executable_path/Frameworks",
					"@loader_path/Frameworks",
				);
				PRODUCT_BUNDLE_IDENTIFIER = "s.tutorial4-swiftuiUITests";
				PRODUCT_NAME = "$(TARGET_NAME)";
				SWIFT_VERSION = 5.0;
				TARGETED_DEVICE_FAMILY = "1,2";
				TEST_TARGET_NAME = tutorial4_swiftui;
			};
			name = Debug;
		};
		A07C0061242798B200EDAA4F /* Release */ = {
			isa = XCBuildConfiguration;
			buildSettings = {
				ALWAYS_EMBED_SWIFT_STANDARD_LIBRARIES = YES;
				CODE_SIGN_STYLE = Automatic;
				INFOPLIST_FILE = tutorial4_swiftuiUITests/Info.plist;
				LD_RUNPATH_SEARCH_PATHS = (
					"$(inherited)",
					"@executable_path/Frameworks",
					"@loader_path/Frameworks",
				);
				PRODUCT_BUNDLE_IDENTIFIER = "s.tutorial4-swiftuiUITests";
				PRODUCT_NAME = "$(TARGET_NAME)";
				SWIFT_VERSION = 5.0;
				TARGETED_DEVICE_FAMILY = "1,2";
				TEST_TARGET_NAME = tutorial4_swiftui;
			};
			name = Release;
		};
/* End XCBuildConfiguration section */

/* Begin XCConfigurationList section */
		A07C002A242798B000EDAA4F /* Build configuration list for PBXProject "tutorial4_swiftui" */ = {
			isa = XCConfigurationList;
			buildConfigurations = (
				A07C0057242798B200EDAA4F /* Debug */,
				A07C0058242798B200EDAA4F /* Release */,
			);
			defaultConfigurationIsVisible = 0;
			defaultConfigurationName = Release;
		};
		A07C0059242798B200EDAA4F /* Build configuration list for PBXNativeTarget "tutorial4_swiftui" */ = {
			isa = XCConfigurationList;
			buildConfigurations = (
				A07C005A242798B200EDAA4F /* Debug */,
				A07C005B242798B200EDAA4F /* Release */,
			);
			defaultConfigurationIsVisible = 0;
			defaultConfigurationName = Release;
		};
		A07C005C242798B200EDAA4F /* Build configuration list for PBXNativeTarget "tutorial4_swiftuiTests" */ = {
			isa = XCConfigurationList;
			buildConfigurations = (
				A07C005D242798B200EDAA4F /* Debug */,
				A07C005E242798B200EDAA4F /* Release */,
			);
			defaultConfigurationIsVisible = 0;
			defaultConfigurationName = Release;
		};
		A07C005F242798B200EDAA4F /* Build configuration list for PBXNativeTarget "tutorial4_swiftuiUITests" */ = {
			isa = XCConfigurationList;
			buildConfigurations = (
				A07C0060242798B200EDAA4F /* Debug */,
				A07C0061242798B200EDAA4F /* Release */,
			);
			defaultConfigurationIsVisible = 0;
			defaultConfigurationName = Release;
		};
/* End XCConfigurationList section */
	};
	rootObject = A07C0027242798B000EDAA4F /* Project object */;
}
