
Microsoft Visual Studio Solution File, Format Version 12.00
# Visual Studio Version 16
VisualStudioVersion = 16.0.29306.81
MinimumVisualStudioVersion = 10.0.40219.1
Project("{FAE04EC0-301F-11D3-BF4B-00C04F79EFBC}") = "KIT506_ASSIGNMENT2_WPF", "KIT506_ASSIGNMENT2_WPF\KIT506_ASSIGNMENT2_WPF.csproj", "{567B7F20-DEC0-4250-A042-4684EF49DFC0}"
EndProject
Global
	GlobalSection(SolutionConfigurationPlatforms) = preSolution
		Debug|Any CPU = Debug|Any CPU
		Release|Any CPU = Release|Any CPU
	EndGlobalSection
	GlobalSection(ProjectConfigurationPlatforms) = postSolution
		{567B7F20-DEC0-4250-A042-4684EF49DFC0}.Debug|Any CPU.ActiveCfg = Debug|Any CPU
		{567B7F20-DEC0-4250-A042-4684EF49DFC0}.Debug|Any CPU.Build.0 = Debug|Any CPU
		{567B7F20-DEC0-4250-A042-4684EF49DFC0}.Release|Any CPU.ActiveCfg = Release|Any CPU
		{567B7F20-DEC0-4250-A042-4684EF49DFC0}.Release|Any CPU.Build.0 = Release|Any CPU
	EndGlobalSection
	GlobalSection(SolutionProperties) = preSolution
		HideSolutionNode = FALSE
	EndGlobalSection
	GlobalSection(ExtensibilityGlobals) = postSolution
		SolutionGuid = {CA3954F5-FAD3-4C96-AA8B-5336C370F0D3}
	EndGlobalSection
EndGlobal
